
Microsoft Visual Studio Solution File, Format Version 12.00
# Visual Studio Version 17
VisualStudioVersion = 17.4.33205.214
MinimumVisualStudioVersion = 10.0.40219.1
Project("{9A19103F-16F7-4668-BE54-9A1E7A4F7556}") = "Recuperation fichier", "Recuperation fichier\Recuperation fichier.csproj", "{86434A7E-1546-4B2F-9002-3B63DF6D13E8}"
EndProject
Global
	GlobalSection(SolutionConfigurationPlatforms) = preSolution
		Debug|Any CPU = Debug|Any CPU
		Release|Any CPU = Release|Any CPU
	EndGlobalSection
	GlobalSection(ProjectConfigurationPlatforms) = postSolution
		{86434A7E-1546-4B2F-9002-3B63DF6D13E8}.Debug|Any CPU.ActiveCfg = Debug|Any CPU
		{86434A7E-1546-4B2F-9002-3B63DF6D13E8}.Debug|Any CPU.Build.0 = Debug|Any CPU
		{86434A7E-1546-4B2F-9002-3B63DF6D13E8}.Release|Any CPU.ActiveCfg = Release|Any CPU
		{86434A7E-1546-4B2F-9002-3B63DF6D13E8}.Release|Any CPU.Build.0 = Release|Any CPU
	EndGlobalSection
	GlobalSection(SolutionProperties) = preSolution
		HideSolutionNode = FALSE
	EndGlobalSection
	GlobalSection(ExtensibilityGlobals) = postSolution
		SolutionGuid = {B8FFCFF6-4911-4B7C-8FBF-5AD6F04FEC66}
	EndGlobalSection
EndGlobal
